{
    "_readme": [
        "This file locks the dependencies of your project to a known state",
        "Read more about it at https://getcomposer.org/doc/01-basic-usage.md#composer-lock-the-lock-file",
        "This file is @generated automatically"
    ],
    "hash": "ef90db5415ed9d2e222ba04f00aae7be",
    "content-hash": "453a9b3cf641af212b33a984de320063",
    "packages": [
        {
            "name": "geoffroy-aubry/helpers",
            "version": "v1.7.0",
            "source": {
                "type": "git",
                "url": "https://github.com/geoffroy-aubry/Helpers.git",
                "reference": "38a51e50d856d42114ff6d96194afc6318675629"
            },
            "dist": {
                "type": "zip",
                "url": "https://api.github.com/repos/geoffroy-aubry/Helpers/zipball/38a51e50d856d42114ff6d96194afc6318675629",
                "reference": "38a51e50d856d42114ff6d96194afc6318675629",
                "shasum": ""
            },
            "require": {
                "php": ">=5.3.3",
                "skleeschulte/base32": "^0.0.2"
            },
            "require-dev": {
                "apigen/apigen": "2.8.0",
                "phpmd/phpmd": "2.0.*",
                "phpunit/phpunit": ">=3.7",
                "satooshi/php-coveralls": "dev-master",
                "squizlabs/php_codesniffer": "1.4.*"
            },
            "type": "library",
            "autoload": {
                "psr-0": {
                    "GAubry\\Helpers": "src/"
                }
            },
            "notification-url": "https://packagist.org/downloads/",
            "license": [
                "LGPL-3.0+"
            ],
            "authors": [
                {
                    "name": "Geoffroy Aubry",
                    "email": "geoffroy.aubry@free.fr"
                }
            ],
            "description": "Some helpers used in several personal packages and a Debug class useful for don't forgetting where debug traces are.",
            "keywords": [
                "debug",
                "helpers",
                "tools"
            ],
            "time": "2016-03-28 00:01:03"
        },
        {
            "name": "psr/log",
            "version": "1.0.0",
            "source": {
                "type": "git",
                "url": "https://github.com/php-fig/log.git",
                "reference": "fe0936ee26643249e916849d48e3a51d5f5e278b"
            },
            "dist": {
                "type": "zip",
                "url": "https://api.github.com/repos/php-fig/log/zipball/fe0936ee26643249e916849d48e3a51d5f5e278b",
                "reference": "fe0936ee26643249e916849d48e3a51d5f5e278b",
                "shasum": ""
            },
            "type": "library",
            "autoload": {
                "psr-0": {
                    "Psr\\Log\\": ""
                }
            },
            "notification-url": "https://packagist.org/downloads/",
            "license": [
                "MIT"
            ],
            "authors": [
                {
                    "name": "PHP-FIG",
                    "homepage": "http://www.php-fig.org/"
                }
            ],
            "description": "Common interface for logging libraries",
            "keywords": [
                "log",
                "psr",
                "psr-3"
            ],
            "time": "2012-12-21 11:40:51"
        },
        {
            "name": "skleeschulte/base32",
            "version": "0.0.2",
            "source": {
                "type": "git",
                "url": "https://github.com/skleeschulte/php-base32.git",
                "reference": "42b651598d42ca51c00a6e71d2587e64e6e80734"
            },
            "dist": {
                "type": "zip",
                "url": "https://api.github.com/repos/skleeschulte/php-base32/zipball/42b651598d42ca51c00a6e71d2587e64e6e80734",
                "reference": "42b651598d42ca51c00a6e71d2587e64e6e80734",
                "shasum": ""
            },
            "require": {
                "php": ">=5.2.0"
            },
            "type": "library",
            "autoload": {
                "psr-4": {
                    "SKleeschulte\\": "src/"
                }
            },
            "notification-url": "https://packagist.org/downloads/",
            "license": [
                "MIT"
            ],
            "authors": [
                {
                    "name": "Stefan Kleeschulte",
                    "email": "stefan.kleeschulte@smk.biz",
                    "homepage": "http://rays-blog.de",
                    "role": "Developer"
                }
            ],
            "description": "Base32 encoding and decoding class (RFC 4648, RFC 4648 extended hex, Crockford, z-base-32/Zooko).",
            "homepage": "https://github.com/skleeschulte/php-base32",
            "keywords": [
                "base32",
                "bcmath",
                "bytestring",
                "crockford",
                "decode",
                "encode",
                "integer",
                "rfc4686",
                "z-base-32",
                "zooko"
            ],
            "time": "2015-11-19 14:01:26"
        }
    ],
    "packages-dev": [
        {
            "name": "geoffroy-aubry/logger",
            "version": "v1.1.2",
            "source": {
                "type": "git",
                "url": "https://github.com/geoffroy-aubry/Logger.git",
                "reference": "c4bdba86091ab414f523a1e33a0f85cd1541635a"
            },
            "dist": {
                "type": "zip",
                "url": "https://api.github.com/repos/geoffroy-aubry/Logger/zipball/c4bdba86091ab414f523a1e33a0f85cd1541635a",
                "reference": "c4bdba86091ab414f523a1e33a0f85cd1541635a",
                "shasum": ""
            },
            "require": {
                "geoffroy-aubry/helpers": "1.*",
                "php": ">=5.3.3",
                "psr/log": "1.0.0"
            },
            "require-dev": {
                "apigen/apigen": "2.8.0",
                "phpmd/phpmd": "1.4.*",
                "phpunit/phpunit": ">=3.7",
                "satooshi/php-coveralls": "dev-master",
                "squizlabs/php_codesniffer": "1.4.*"
            },
            "type": "library",
            "autoload": {
                "psr-0": {
                    "GAubry\\Logger": "src/"
                }
            },
            "notification-url": "https://packagist.org/downloads/",
            "license": [
                "LGPL-3.0+"
            ],
            "authors": [
                {
                    "name": "Geoffroy Aubry",
                    "email": "geoffroy.aubry@free.fr"
                }
            ],
            "description": "PSR-3 logger for adding colors and indentation on PHP CLI output.",
            "keywords": [
                "bash color logging",
                "color logging",
                "indent logging",
                "logger",
                "psr-3"
            ],
            "time": "2013-07-03 09:20:17"
        }
    ],
    "aliases": [],
    "minimum-stability": "stable",
    "stability-flags": [],
    "prefer-stable": false,
    "prefer-lowest": false,
    "platform": {
        "php": ">=5.3.3"
    },
    "platform-dev": []
}
